// !$*UTF8*$!
{
	archiveVersion = 1;
	classes = {
	};
	objectVersion = 46;
	objects = {

/* Begin PBXBuildFile section */
		82884E5C1D850F91007747D2 /* AppDelegate.swift in Sources */ = {isa = PBXBuildFile; fileRef = 82884E5B1D850F91007747D2 /* AppDelegate.swift */; };
		82884E5E1D850F91007747D2 /* ViewController.swift in Sources */ = {isa = PBXBuildFile; fileRef = 82884E5D1D850F91007747D2 /* ViewController.swift */; };
		82884E611D850F92007747D2 /* Main.storyboard in Resources */ = {isa = PBXBuildFile; fileRef = 82884E5F1D850F92007747D2 /* Main.storyboard */; };
		82884E631D850F92007747D2 /* Assets.xcassets in Resources */ = {isa = PBXBuildFile; fileRef = 82884E621D850F92007747D2 /* Assets.xcassets */; };
		82884E661D850F92007747D2 /* LaunchScreen.storyboard in Resources */ = {isa = PBXBuildFile; fileRef = 82884E641D850F92007747D2 /* LaunchScreen.storyboard */; };
/* End PBXBuildFile section */

/* Begin PBXFileReference section */
		82884E581D850F91007747D2 /* TipPro.app */ = {isa = PBXFileReference; explicitFileType = wrapper.application; includeInIndex = 0; path = TipPro.app; sourceTree = BUILT_PRODUCTS_DIR; };
		82884E5B1D850F91007747D2 /* AppDelegate.swift */ = {isa = PBXFileReference; lastKnownFileType = sourcecode.swift; path = AppDelegate.swift; sourceTree = "<group>"; };
		82884E5D1D850F91007747D2 /* ViewController.swift */ = {isa = PBXFileReference; lastKnownFileType = sourcecode.swift; path = ViewController.swift; sourceTree = "<group>"; };
		82884E601D850F92007747D2 /* Base */ = {isa = PBXFileReference; lastKnownFileType = file.storyboard; name = Base; path = Base.lproj/Main.storyboard; sourceTree = "<group>"; };
		82884E621D850F92007747D2 /* Assets.xcassets */ = {isa = PBXFileReference; lastKnownFileType = folder.assetcatalog; path = Assets.xcassets; sourceTree = "<group>"; };
		82884E651D850F92007747D2 /* Base */ = {isa = PBXFileReference; lastKnownFileType = file.storyboard; name = Base; path = Base.lproj/LaunchScreen.storyboard; sourceTree = "<group>"; };
		82884E671D850F92007747D2 /* Info.plist */ = {isa = PBXFileReference; lastKnownFileType = text.plist.xml; path = Info.plist; sourceTree = "<group>"; };
/* End PBXFileReference section */

/* Begin PBXFrameworksBuildPhase section */
		82884E551D850F8E007747D2 /* Frameworks */ = {
			isa = PBXFrameworksBuildPhase;
			buildActionMask = 2147483647;
			files = (
			);
			runOnlyForDeploymentPostprocessing = 0;
		};
/* End PBXFrameworksBuildPhase section */

/* Begin PBXGroup section */
		82884E4F1D850F8E007747D2 = {
			isa = PBXGroup;
			children = (
				82884E5A1D850F91007747D2 /* TipPro */,
				82884E591D850F91007747D2 /* Products */,
			);
			sourceTree = "<group>";
		};
		82884E591D850F91007747D2 /* Products */ = {
			isa = PBXGroup;
			children = (
				82884E581D850F91007747D2 /* TipPro.app */,
			);
			name = Products;
			sourceTree = "<group>";
		};
		82884E5A1D850F91007747D2 /* TipPro */ = {
			isa = PBXGroup;
			children = (
				82884E5B1D850F91007747D2 /* AppDelegate.swift */,
				82884E5D1D850F91007747D2 /* ViewController.swift */,
				82884E5F1D850F92007747D2 /* Main.storyboard */,
				82884E621D850F92007747D2 /* Assets.xcassets */,
				82884E641D850F92007747D2 /* LaunchScreen.storyboard */,
				82884E671D850F92007747D2 /* Info.plist */,
			);
			path = TipPro;
			sourceTree = "<group>";
		};
/* End PBXGroup section */

/* Begin PBXNativeTarget section */
		82884E571D850F8E007747D2 /* TipPro */ = {
			isa = PBXNativeTarget;
			buildConfigurationList = 82884E6A1D850F92007747D2 /* Build configuration list for PBXNativeTarget "TipPro" */;
			buildPhases = (
				82884E541D850F8E007747D2 /* Sources */,
				82884E551D850F8E007747D2 /* Frameworks */,
				82884E561D850F8E007747D2 /* Resources */,
			);
			buildRules = (
			);
			dependencies = (
			);
			name = TipPro;
			productName = TipPro;
			productReference = 82884E581D850F91007747D2 /* TipPro.app */;
			productType = "com.apple.product-type.application";
		};
/* End PBXNativeTarget section */

/* Begin PBXProject section */
		82884E501D850F8E007747D2 /* Project object */ = {
			isa = PBXProject;
			attributes = {
				LastSwiftUpdateCheck = 0800;
				LastUpgradeCheck = 0800;
				ORGANIZATIONNAME = "Big Seat Studios";
				TargetAttributes = {
					82884E571D850F8E007747D2 = {
						CreatedOnToolsVersion = 8.0;
						DevelopmentTeam = N5DW38V9MT;
						ProvisioningStyle = Automatic;
					};
				};
			};
			buildConfigurationList = 82884E531D850F8E007747D2 /* Build configuration list for PBXProject "TipPro" */;
			compatibilityVersion = "Xcode 3.2";
			developmentRegion = English;
			hasScannedForEncodings = 0;
			knownRegions = (
				en,
				Base,
			);
			mainGroup = 82884E4F1D850F8E007747D2;
			productRefGroup = 82884E591D850F91007747D2 /* Products */;
			projectDirPath = "";
			projectRoot = "";
			targets = (
				82884E571D850F8E007747D2 /* TipPro */,
			);
		};
/* End PBXProject section */

/* Begin PBXResourcesBuildPhase section */
		82884E561D850F8E007747D2 /* Resources */ = {
			isa = PBXResourcesBuildPhase;
			buildActionMask = 2147483647;
			files = (
				82884E661D850F92007747D2 /* LaunchScreen.storyboard in Resources */,
				82884E631D850F92007747D2 /* Assets.xcassets in Resources */,
				82884E611D850F92007747D2 /* Main.storyboard in Resources */,
			);
			runOnlyForDeploymentPostprocessing = 0;
		};
/* End PBXResourcesBuildPhase section */

/* Begin PBXSourcesBuildPhase section */
		82884E541D850F8E007747D2 /* Sources */ = {
			isa = PBXSourcesBuildPhase;
			buildActionMask = 2147483647;
			files = (
				82884E5E1D850F91007747D2 /* ViewController.swift in Sources */,
				82884E5C1D850F91007747D2 /* AppDelegate.swift in Sources */,
			);
			runOnlyForDeploymentPostprocessing = 0;
		};
/* End PBXSourcesBuildPhase section */

/* Begin PBXVariantGroup section */
		82884E5F1D850F92007747D2 /* Main.storyboard */ = {
			isa = PBXVariantGroup;
			children = (
				82884E601D850F92007747D2 /* Base */,
			);
			name = Main.storyboard;
			sourceTree = "<group>";
		};
		82884E641D850F92007747D2 /* LaunchScreen.storyboard */ = {
			isa = PBXVariantGroup;
			children = (
				82884E651D850F92007747D2 /* Base */,
			);
			name = LaunchScreen.storyboard;
			sourceTree = "<group>";
		};
/* End PBXVariantGroup section */

/* Begin XCBuildConfiguration section */
		82884E681D850F92007747D2 /* Debug */ = {
			isa = XCBuildConfiguration;
			buildSettings = {
				ALWAYS_SEARCH_USER_PATHS = NO;
				CLANG_ANALYZER_NONNULL = YES;
				CLANG_CXX_LANGUAGE_STANDARD = "gnu++0x";
				CLANG_CXX_LIBRARY = "libc++";
				CLANG_ENABLE_MODULES = YES;
				CLANG_ENABLE_OBJC_ARC = YES;
				CLANG_WARN_BOOL_CONVERSION = YES;
				CLANG_WARN_CONSTANT_CONVERSION = YES;
				CLANG_WARN_DIRECT_OBJC_ISA_USAGE = YES_ERROR;
				CLANG_WARN_DOCUMENTATION_COMMENTS = YES;
				CLANG_WARN_EMPTY_BODY = YES;
				CLANG_WARN_ENUM_CONVERSION = YES;
				CLANG_WARN_INFINITE_RECURSION = YES;
				CLANG_WARN_INT_CONVERSION = YES;
				CLANG_WARN_OBJC_ROOT_CLASS = YES_ERROR;
				CLANG_WARN_SUSPICIOUS_MOVES = YES;
				CLANG_WARN_UNREACHABLE_CODE = YES;
				CLANG_WARN__DUPLICATE_METHOD_MATCH = YES;
				"CODE_SIGN_IDENTITY[sdk=iphoneos*]" = "iPhone Developer";
				COPY_PHASE_STRIP = NO;
				DEBUG_INFORMATION_FORMAT = dwarf;
				ENABLE_STRICT_OBJC_MSGSEND = YES;
				ENABLE_TESTABILITY = YES;
				GCC_C_LANGUAGE_STANDARD = gnu99;
				GCC_DYNAMIC_NO_PIC = NO;
				GCC_NO_COMMON_BLOCKS = YES;
				GCC_OPTIMIZATION_LEVEL = 0;
				GCC_PREPROCESSOR_DEFINITIONS = (
					"DEBUG=1",
					"$(inherited)",
				);
				GCC_WARN_64_TO_32_BIT_CONVERSION = YES;
				GCC_WARN_ABOUT_RETURN_TYPE = YES_ERROR;
				GCC_WARN_UNDECLARED_SELECTOR = YES;
				GCC_WARN_UNINITIALIZED_AUTOS = YES_AGGRESSIVE;
				GCC_WARN_UNUSED_FUNCTION = YES;
				GCC_WARN_UNUSED_VARIABLE = YES;
				IPHONEOS_DEPLOYMENT_TARGET = 10.0;
				MTL_ENABLE_DEBUG_INFO = YES;
				ONLY_ACTIVE_ARCH = YES;
				SDKROOT = iphoneos;
				SWIFT_ACTIVE_COMPILATION_CONDITIONS = DEBUG;
				SWIFT_OPTIMIZATION_LEVEL = "-Onone";
			};
			name = Debug;
		};
		82884E691D850F92007747D2 /* Release */ = {
			isa = XCBuildConfiguration;
			buildSettings = {
				ALWAYS_SEARCH_USER_PATHS = NO;
				CLANG_ANALYZER_NONNULL = YES;
				CLANG_CXX_LANGUAGE_STANDARD = "gnu++0x";
				CLANG_CXX_LIBRARY = "libc++";
				CLANG_ENABLE_MODULES = YES;
				CLANG_ENABLE_OBJC_ARC = YES;
				CLANG_WARN_BOOL_CONVERSION = YES;
				CLANG_WARN_CONSTANT_CONVERSION = YES;
				CLANG_WARN_DIRECT_OBJC_ISA_USAGE = YES_ERROR;
				CLANG_WARN_DOCUMENTATION_COMMENTS = YES;
				CLANG_WARN_EMPTY_BODY = YES;
				CLANG_WARN_ENUM_CONVERSION = YES;
				CLANG_WARN_INFINITE_RECURSION = YES;
				CLANG_WARN_INT_CONVERSION = YES;
				CLANG_WARN_OBJC_ROOT_CLASS = YES_ERROR;
				CLANG_WARN_SUSPICIOUS_MOVES = YES;
				CLANG_WARN_UNREACHABLE_CODE = YES;
				CLANG_WARN__DUPLICATE_METHOD_MATCH = YES;
				"CODE_SIGN_IDENTITY[sdk=iphoneos*]" = "iPhone Developer";
				COPY_PHASE_STRIP = NO;
				DEBUG_INFORMATION_FORMAT = "dwarf-with-dsym";
				ENABLE_NS_ASSERTIONS = NO;
				ENABLE_STRICT_OBJC_MSGSEND = YES;
				GCC_C_LANGUAGE_STANDARD = gnu99;
				GCC_NO_COMMON_BLOCKS = YES;
				GCC_WARN_64_TO_32_BIT_CONVERSION = YES;
				GCC_WARN_ABOUT_RETURN_TYPE = YES_ERROR;
				GCC_WARN_UNDECLARED_SELECTOR = YES;
				GCC_WARN_UNINITIALIZED_AUTOS = YES_AGGRESSIVE;
				GCC_WARN_UNUSED_FUNCTION = YES;
				GCC_WARN_UNUSED_VARIABLE = YES;
				IPHONEOS_DEPLOYMENT_TARGET = 10.0;
				MTL_ENABLE_DEBUG_INFO = NO;
				SDKROOT = iphoneos;
				SWIFT_OPTIMIZATION_LEVEL = "-Owholemodule";
				VALIDATE_PRODUCT = YES;
			};
			name = Release;
		};
		82884E6B1D850F92007747D2 /* Debug */ = {
			isa = XCBuildConfiguration;
			buildSettings = {
				ASSETCATALOG_COMPILER_APPICON_NAME = AppIcon;
				DEVELOPMENT_TEAM = N5DW38V9MT;
				INFOPLIST_FILE = TipPro/Info.plist;
				LD_RUNPATH_SEARCH_PATHS = "$(inherited) @executable_path/Frameworks";
				PRODUCT_BUNDLE_IDENTIFIER = com.bigseatstudios.TipPro;
				PRODUCT_NAME = "$(TARGET_NAME)";
				SWIFT_VERSION = 3.0;
			};
			name = Debug;
		};
		82884E6C1D850F92007747D2 /* Release */ = {
			isa = XCBuildConfiguration;
			buildSettings = {
				ASSETCATALOG_COMPILER_APPICON_NAME = AppIcon;
				DEVELOPMENT_TEAM = N5DW38V9MT;
				INFOPLIST_FILE = TipPro/Info.plist;
				LD_RUNPATH_SEARCH_PATHS = "$(inherited) @executable_path/Frameworks";
				PRODUCT_BUNDLE_IDENTIFIER = com.bigseatstudios.TipPro;
				PRODUCT_NAME = "$(TARGET_NAME)";
				SWIFT_VERSION = 3.0;
			};
			name = Release;
		};
/* End XCBuildConfiguration section */

/* Begin XCConfigurationList section */
		82884E531D850F8E007747D2 /* Build configuration list for PBXProject "TipPro" */ = {
			isa = XCConfigurationList;
			buildConfigurations = (
				82884E681D850F92007747D2 /* Debug */,
				82884E691D850F92007747D2 /* Release */,
			);
			defaultConfigurationIsVisible = 0;
			defaultConfigurationName = Release;
		};
		82884E6A1D850F92007747D2 /* Build configuration list for PBXNativeTarget "TipPro" */ = {
			isa = XCConfigurationList;
			buildConfigurations = (
				82884E6B1D850F92007747D2 /* Debug */,
				82884E6C1D850F92007747D2 /* Release */,
			);
			defaultConfigurationIsVisible = 0;
		};
/* End XCConfigurationList section */
	};
	rootObject = 82884E501D850F8E007747D2 /* Project object */;
}
